
Microsoft Visual Studio Solution File, Format Version 12.00
# Visual Studio Version 16
VisualStudioVersion = 16.0.30621.155
MinimumVisualStudioVersion = 10.0.40219.1
Project("{9A19103F-16F7-4668-BE54-9A1E7A4F7556}") = "WebApp", "WebApp\WebApp.csproj", "{AF09EC4E-F48D-4C6D-8324-F9F1B8759880}"
EndProject
Project("{FAE04EC0-301F-11D3-BF4B-00C04F79EFBC}") = "Tests", "Tests\Tests.csproj", "{E37DEC45-FBA7-42F6-8DD1-64CB4908C32A}"
EndProject
Global
	GlobalSection(SolutionConfigurationPlatforms) = preSolution
		Debug|Any CPU = Debug|Any CPU
		Release|Any CPU = Release|Any CPU
	EndGlobalSection
	GlobalSection(ProjectConfigurationPlatforms) = postSolution
		{AF09EC4E-F48D-4C6D-8324-F9F1B8759880}.Debug|Any CPU.ActiveCfg = Debug|Any CPU
		{AF09EC4E-F48D-4C6D-8324-F9F1B8759880}.Debug|Any CPU.Build.0 = Debug|Any CPU
		{AF09EC4E-F48D-4C6D-8324-F9F1B8759880}.Release|Any CPU.ActiveCfg = Release|Any CPU
		{AF09EC4E-F48D-4C6D-8324-F9F1B8759880}.Release|Any CPU.Build.0 = Release|Any CPU
		{E37DEC45-FBA7-42F6-8DD1-64CB4908C32A}.Debug|Any CPU.ActiveCfg = Debug|Any CPU
		{E37DEC45-FBA7-42F6-8DD1-64CB4908C32A}.Debug|Any CPU.Build.0 = Debug|Any CPU
		{E37DEC45-FBA7-42F6-8DD1-64CB4908C32A}.Release|Any CPU.ActiveCfg = Release|Any CPU
		{E37DEC45-FBA7-42F6-8DD1-64CB4908C32A}.Release|Any CPU.Build.0 = Release|Any CPU
	EndGlobalSection
	GlobalSection(SolutionProperties) = preSolution
		HideSolutionNode = FALSE
	EndGlobalSection
	GlobalSection(ExtensibilityGlobals) = postSolution
		SolutionGuid = {FA781197-1956-4E6F-BFA6-E16677884892}
	EndGlobalSection
EndGlobal
